// !$*UTF8*$!
{
	archiveVersion = 1;
	classes = {
	};
	objectVersion = 46;
	objects = {

/* Begin PBXBuildFile section */
		7184792118E201F8008A1D12 /* Foundation.framework in Frameworks */ = {isa = PBXBuildFile; fileRef = 7184792018E201F8008A1D12 /* Foundation.framework */; };
		7184792318E201F8008A1D12 /* CoreGraphics.framework in Frameworks */ = {isa = PBXBuildFile; fileRef = 7184792218E201F8008A1D12 /* CoreGraphics.framework */; };
		7184792518E201F8008A1D12 /* UIKit.framework in Frameworks */ = {isa = PBXBuildFile; fileRef = 7184792418E201F8008A1D12 /* UIKit.framework */; };
		7184792B18E201F8008A1D12 /* InfoPlist.strings in Resources */ = {isa = PBXBuildFile; fileRef = 7184792918E201F8008A1D12 /* InfoPlist.strings */; };
		7184792D18E201F8008A1D12 /* main.m in Sources */ = {isa = PBXBuildFile; fileRef = 7184792C18E201F8008A1D12 /* main.m */; };
		7184793118E201F8008A1D12 /* AppDelegate.m in Sources */ = {isa = PBXBuildFile; fileRef = 7184793018E201F8008A1D12 /* AppDelegate.m */; };
		7184793418E201F8008A1D12 /* Main.storyboard in Resources */ = {isa = PBXBuildFile; fileRef = 7184793218E201F8008A1D12 /* Main.storyboard */; };
		7184793718E201F8008A1D12 /* ViewController.m in Sources */ = {isa = PBXBuildFile; fileRef = 7184793618E201F8008A1D12 /* ViewController.m */; };
		7184793918E201F8008A1D12 /* Images.xcassets in Resources */ = {isa = PBXBuildFile; fileRef = 7184793818E201F8008A1D12 /* Images.xcassets */; };
		7184794018E201F8008A1D12 /* XCTest.framework in Frameworks */ = {isa = PBXBuildFile; fileRef = 7184793F18E201F8008A1D12 /* XCTest.framework */; };
		7184794118E201F8008A1D12 /* Foundation.framework in Frameworks */ = {isa = PBXBuildFile; fileRef = 7184792018E201F8008A1D12 /* Foundation.framework */; };
		7184794218E201F8008A1D12 /* UIKit.framework in Frameworks */ = {isa = PBXBuildFile; fileRef = 7184792418E201F8008A1D12 /* UIKit.framework */; };
		7184794A18E201F9008A1D12 /* InfoPlist.strings in Resources */ = {isa = PBXBuildFile; fileRef = 7184794818E201F9008A1D12 /* InfoPlist.strings */; };
		7184794C18E201F9008A1D12 /* HistorMeTests.m in Sources */ = {isa = PBXBuildFile; fileRef = 7184794B18E201F9008A1D12 /* HistorMeTests.m */; };
		71B0856A18E21F4F00D52D4A /* OptionsViewController.m in Sources */ = {isa = PBXBuildFile; fileRef = 71B0856918E21F4F00D52D4A /* OptionsViewController.m */; };
		71B0856D18E2212D00D52D4A /* NewReflectionViewController.m in Sources */ = {isa = PBXBuildFile; fileRef = 71B0856C18E2212D00D52D4A /* NewReflectionViewController.m */; };
/* End PBXBuildFile section */

/* Begin PBXContainerItemProxy section */
		7184794318E201F9008A1D12 /* PBXContainerItemProxy */ = {
			isa = PBXContainerItemProxy;
			containerPortal = 7184791518E201F8008A1D12 /* Project object */;
			proxyType = 1;
			remoteGlobalIDString = 7184791C18E201F8008A1D12;
			remoteInfo = HistorMe;
		};
/* End PBXContainerItemProxy section */

/* Begin PBXFileReference section */
		7184791D18E201F8008A1D12 /* HistorMe.app */ = {isa = PBXFileReference; explicitFileType = wrapper.application; includeInIndex = 0; path = HistorMe.app; sourceTree = BUILT_PRODUCTS_DIR; };
		7184792018E201F8008A1D12 /* Foundation.framework */ = {isa = PBXFileReference; lastKnownFileType = wrapper.framework; name = Foundation.framework; path = System/Library/Frameworks/Foundation.framework; sourceTree = SDKROOT; };
		7184792218E201F8008A1D12 /* CoreGraphics.framework */ = {isa = PBXFileReference; lastKnownFileType = wrapper.framework; name = CoreGraphics.framework; path = System/Library/Frameworks/CoreGraphics.framework; sourceTree = SDKROOT; };
		7184792418E201F8008A1D12 /* UIKit.framework */ = {isa = PBXFileReference; lastKnownFileType = wrapper.framework; name = UIKit.framework; path = System/Library/Frameworks/UIKit.framework; sourceTree = SDKROOT; };
		7184792818E201F8008A1D12 /* HistorMe-Info.plist */ = {isa = PBXFileReference; lastKnownFileType = text.plist.xml; path = "HistorMe-Info.plist"; sourceTree = "<group>"; };
		7184792A18E201F8008A1D12 /* en */ = {isa = PBXFileReference; lastKnownFileType = text.plist.strings; name = en; path = en.lproj/InfoPlist.strings; sourceTree = "<group>"; };
		7184792C18E201F8008A1D12 /* main.m */ = {isa = PBXFileReference; lastKnownFileType = sourcecode.c.objc; path = main.m; sourceTree = "<group>"; };
		7184792E18E201F8008A1D12 /* HistorMe-Prefix.pch */ = {isa = PBXFileReference; lastKnownFileType = sourcecode.c.h; path = "HistorMe-Prefix.pch"; sourceTree = "<group>"; };
		7184792F18E201F8008A1D12 /* AppDelegate.h */ = {isa = PBXFileReference; lastKnownFileType = sourcecode.c.h; path = AppDelegate.h; sourceTree = "<group>"; };
		7184793018E201F8008A1D12 /* AppDelegate.m */ = {isa = PBXFileReference; lastKnownFileType = sourcecode.c.objc; path = AppDelegate.m; sourceTree = "<group>"; };
		7184793318E201F8008A1D12 /* Base */ = {isa = PBXFileReference; lastKnownFileType = file.storyboard; name = Base; path = Base.lproj/Main.storyboard; sourceTree = "<group>"; };
		7184793518E201F8008A1D12 /* ViewController.h */ = {isa = PBXFileReference; lastKnownFileType = sourcecode.c.h; path = ViewController.h; sourceTree = "<group>"; };
		7184793618E201F8008A1D12 /* ViewController.m */ = {isa = PBXFileReference; lastKnownFileType = sourcecode.c.objc; path = ViewController.m; sourceTree = "<group>"; };
		7184793818E201F8008A1D12 /* Images.xcassets */ = {isa = PBXFileReference; lastKnownFileType = folder.assetcatalog; path = Images.xcassets; sourceTree = "<group>"; };
		7184793E18E201F8008A1D12 /* HistorMeTests.xctest */ = {isa = PBXFileReference; explicitFileType = wrapper.cfbundle; includeInIndex = 0; path = HistorMeTests.xctest; sourceTree = BUILT_PRODUCTS_DIR; };
		7184793F18E201F8008A1D12 /* XCTest.framework */ = {isa = PBXFileReference; lastKnownFileType = wrapper.framework; name = XCTest.framework; path = Library/Frameworks/XCTest.framework; sourceTree = DEVELOPER_DIR; };
		7184794718E201F9008A1D12 /* HistorMeTests-Info.plist */ = {isa = PBXFileReference; lastKnownFileType = text.plist.xml; path = "HistorMeTests-Info.plist"; sourceTree = "<group>"; };
		7184794918E201F9008A1D12 /* en */ = {isa = PBXFileReference; lastKnownFileType = text.plist.strings; name = en; path = en.lproj/InfoPlist.strings; sourceTree = "<group>"; };
		7184794B18E201F9008A1D12 /* HistorMeTests.m */ = {isa = PBXFileReference; lastKnownFileType = sourcecode.c.objc; path = HistorMeTests.m; sourceTree = "<group>"; };
		71B0856818E21F4F00D52D4A /* OptionsViewController.h */ = {isa = PBXFileReference; fileEncoding = 4; lastKnownFileType = sourcecode.c.h; path = OptionsViewController.h; sourceTree = "<group>"; };
		71B0856918E21F4F00D52D4A /* OptionsViewController.m */ = {isa = PBXFileReference; fileEncoding = 4; lastKnownFileType = sourcecode.c.objc; path = OptionsViewController.m; sourceTree = "<group>"; };
		71B0856B18E2212D00D52D4A /* NewReflectionViewController.h */ = {isa = PBXFileReference; fileEncoding = 4; lastKnownFileType = sourcecode.c.h; path = NewReflectionViewController.h; sourceTree = "<group>"; };
		71B0856C18E2212D00D52D4A /* NewReflectionViewController.m */ = {isa = PBXFileReference; fileEncoding = 4; lastKnownFileType = sourcecode.c.objc; path = NewReflectionViewController.m; sourceTree = "<group>"; };
/* End PBXFileReference section */

/* Begin PBXFrameworksBuildPhase section */
		7184791A18E201F8008A1D12 /* Frameworks */ = {
			isa = PBXFrameworksBuildPhase;
			buildActionMask = 2147483647;
			files = (
				7184792318E201F8008A1D12 /* CoreGraphics.framework in Frameworks */,
				7184792518E201F8008A1D12 /* UIKit.framework in Frameworks */,
				7184792118E201F8008A1D12 /* Foundation.framework in Frameworks */,
			);
			runOnlyForDeploymentPostprocessing = 0;
		};
		7184793B18E201F8008A1D12 /* Frameworks */ = {
			isa = PBXFrameworksBuildPhase;
			buildActionMask = 2147483647;
			files = (
				7184794018E201F8008A1D12 /* XCTest.framework in Frameworks */,
				7184794218E201F8008A1D12 /* UIKit.framework in Frameworks */,
				7184794118E201F8008A1D12 /* Foundation.framework in Frameworks */,
			);
			runOnlyForDeploymentPostprocessing = 0;
		};
/* End PBXFrameworksBuildPhase section */

/* Begin PBXGroup section */
		7184791418E201F8008A1D12 = {
			isa = PBXGroup;
			children = (
				7184792618E201F8008A1D12 /* HistorMe */,
				7184794518E201F9008A1D12 /* HistorMeTests */,
				7184791F18E201F8008A1D12 /* Frameworks */,
				7184791E18E201F8008A1D12 /* Products */,
			);
			sourceTree = "<group>";
		};
		7184791E18E201F8008A1D12 /* Products */ = {
			isa = PBXGroup;
			children = (
				7184791D18E201F8008A1D12 /* HistorMe.app */,
				7184793E18E201F8008A1D12 /* HistorMeTests.xctest */,
			);
			name = Products;
			sourceTree = "<group>";
		};
		7184791F18E201F8008A1D12 /* Frameworks */ = {
			isa = PBXGroup;
			children = (
				7184792018E201F8008A1D12 /* Foundation.framework */,
				7184792218E201F8008A1D12 /* CoreGraphics.framework */,
				7184792418E201F8008A1D12 /* UIKit.framework */,
				7184793F18E201F8008A1D12 /* XCTest.framework */,
			);
			name = Frameworks;
			sourceTree = "<group>";
		};
		7184792618E201F8008A1D12 /* HistorMe */ = {
			isa = PBXGroup;
			children = (
				7184792F18E201F8008A1D12 /* AppDelegate.h */,
				7184793018E201F8008A1D12 /* AppDelegate.m */,
				7184793218E201F8008A1D12 /* Main.storyboard */,
				7184793518E201F8008A1D12 /* ViewController.h */,
				7184793618E201F8008A1D12 /* ViewController.m */,
				7184793818E201F8008A1D12 /* Images.xcassets */,
				7184792718E201F8008A1D12 /* Supporting Files */,
				71B0856818E21F4F00D52D4A /* OptionsViewController.h */,
				71B0856918E21F4F00D52D4A /* OptionsViewController.m */,
				71B0856B18E2212D00D52D4A /* NewReflectionViewController.h */,
				71B0856C18E2212D00D52D4A /* NewReflectionViewController.m */,
			);
			path = HistorMe;
			sourceTree = "<group>";
		};
		7184792718E201F8008A1D12 /* Supporting Files */ = {
			isa = PBXGroup;
			children = (
				7184792818E201F8008A1D12 /* HistorMe-Info.plist */,
				7184792918E201F8008A1D12 /* InfoPlist.strings */,
				7184792C18E201F8008A1D12 /* main.m */,
				7184792E18E201F8008A1D12 /* HistorMe-Prefix.pch */,
			);
			name = "Supporting Files";
			sourceTree = "<group>";
		};
		7184794518E201F9008A1D12 /* HistorMeTests */ = {
			isa = PBXGroup;
			children = (
				7184794B18E201F9008A1D12 /* HistorMeTests.m */,
				7184794618E201F9008A1D12 /* Supporting Files */,
			);
			path = HistorMeTests;
			sourceTree = "<group>";
		};
		7184794618E201F9008A1D12 /* Supporting Files */ = {
			isa = PBXGroup;
			children = (
				7184794718E201F9008A1D12 /* HistorMeTests-Info.plist */,
				7184794818E201F9008A1D12 /* InfoPlist.strings */,
			);
			name = "Supporting Files";
			sourceTree = "<group>";
		};
/* End PBXGroup section */

/* Begin PBXNativeTarget section */
		7184791C18E201F8008A1D12 /* HistorMe */ = {
			isa = PBXNativeTarget;
			buildConfigurationList = 7184794F18E201F9008A1D12 /* Build configuration list for PBXNativeTarget "HistorMe" */;
			buildPhases = (
				7184791918E201F8008A1D12 /* Sources */,
				7184791A18E201F8008A1D12 /* Frameworks */,
				7184791B18E201F8008A1D12 /* Resources */,
			);
			buildRules = (
			);
			dependencies = (
			);
			name = HistorMe;
			productName = HistorMe;
			productReference = 7184791D18E201F8008A1D12 /* HistorMe.app */;
			productType = "com.apple.product-type.application";
		};
		7184793D18E201F8008A1D12 /* HistorMeTests */ = {
			isa = PBXNativeTarget;
			buildConfigurationList = 7184795218E201F9008A1D12 /* Build configuration list for PBXNativeTarget "HistorMeTests" */;
			buildPhases = (
				7184793A18E201F8008A1D12 /* Sources */,
				7184793B18E201F8008A1D12 /* Frameworks */,
				7184793C18E201F8008A1D12 /* Resources */,
			);
			buildRules = (
			);
			dependencies = (
				7184794418E201F9008A1D12 /* PBXTargetDependency */,
			);
			name = HistorMeTests;
			productName = HistorMeTests;
			productReference = 7184793E18E201F8008A1D12 /* HistorMeTests.xctest */;
			productType = "com.apple.product-type.bundle.unit-test";
		};
/* End PBXNativeTarget section */

/* Begin PBXProject section */
		7184791518E201F8008A1D12 /* Project object */ = {
			isa = PBXProject;
			attributes = {
				LastUpgradeCheck = 0510;
				ORGANIZATIONNAME = HistorMe;
				TargetAttributes = {
					7184793D18E201F8008A1D12 = {
						TestTargetID = 7184791C18E201F8008A1D12;
					};
				};
			};
			buildConfigurationList = 7184791818E201F8008A1D12 /* Build configuration list for PBXProject "HistorMe" */;
			compatibilityVersion = "Xcode 3.2";
			developmentRegion = English;
			hasScannedForEncodings = 0;
			knownRegions = (
				en,
				Base,
			);
			mainGroup = 7184791418E201F8008A1D12;
			productRefGroup = 7184791E18E201F8008A1D12 /* Products */;
			projectDirPath = "";
			projectRoot = "";
			targets = (
				7184791C18E201F8008A1D12 /* HistorMe */,
				7184793D18E201F8008A1D12 /* HistorMeTests */,
			);
		};
/* End PBXProject section */

/* Begin PBXResourcesBuildPhase section */
		7184791B18E201F8008A1D12 /* Resources */ = {
			isa = PBXResourcesBuildPhase;
			buildActionMask = 2147483647;
			files = (
				7184793918E201F8008A1D12 /* Images.xcassets in Resources */,
				7184792B18E201F8008A1D12 /* InfoPlist.strings in Resources */,
				7184793418E201F8008A1D12 /* Main.storyboard in Resources */,
			);
			runOnlyForDeploymentPostprocessing = 0;
		};
		7184793C18E201F8008A1D12 /* Resources */ = {
			isa = PBXResourcesBuildPhase;
			buildActionMask = 2147483647;
			files = (
				7184794A18E201F9008A1D12 /* InfoPlist.strings in Resources */,
			);
			runOnlyForDeploymentPostprocessing = 0;
		};
/* End PBXResourcesBuildPhase section */

/* Begin PBXSourcesBuildPhase section */
		7184791918E201F8008A1D12 /* Sources */ = {
			isa = PBXSourcesBuildPhase;
			buildActionMask = 2147483647;
			files = (
				7184793718E201F8008A1D12 /* ViewController.m in Sources */,
				71B0856A18E21F4F00D52D4A /* OptionsViewController.m in Sources */,
				7184793118E201F8008A1D12 /* AppDelegate.m in Sources */,
				71B0856D18E2212D00D52D4A /* NewReflectionViewController.m in Sources */,
				7184792D18E201F8008A1D12 /* main.m in Sources */,
			);
			runOnlyForDeploymentPostprocessing = 0;
		};
		7184793A18E201F8008A1D12 /* Sources */ = {
			isa = PBXSourcesBuildPhase;
			buildActionMask = 2147483647;
			files = (
				7184794C18E201F9008A1D12 /* HistorMeTests.m in Sources */,
			);
			runOnlyForDeploymentPostprocessing = 0;
		};
/* End PBXSourcesBuildPhase section */

/* Begin PBXTargetDependency section */
		7184794418E201F9008A1D12 /* PBXTargetDependency */ = {
			isa = PBXTargetDependency;
			target = 7184791C18E201F8008A1D12 /* HistorMe */;
			targetProxy = 7184794318E201F9008A1D12 /* PBXContainerItemProxy */;
		};
/* End PBXTargetDependency section */

/* Begin PBXVariantGroup section */
		7184792918E201F8008A1D12 /* InfoPlist.strings */ = {
			isa = PBXVariantGroup;
			children = (
				7184792A18E201F8008A1D12 /* en */,
			);
			name = InfoPlist.strings;
			sourceTree = "<group>";
		};
		7184793218E201F8008A1D12 /* Main.storyboard */ = {
			isa = PBXVariantGroup;
			children = (
				7184793318E201F8008A1D12 /* Base */,
			);
			name = Main.storyboard;
			sourceTree = "<group>";
		};
		7184794818E201F9008A1D12 /* InfoPlist.strings */ = {
			isa = PBXVariantGroup;
			children = (
				7184794918E201F9008A1D12 /* en */,
			);
			name = InfoPlist.strings;
			sourceTree = "<group>";
		};
/* End PBXVariantGroup section */

/* Begin XCBuildConfiguration section */
		7184794D18E201F9008A1D12 /* Debug */ = {
			isa = XCBuildConfiguration;
			buildSettings = {
				ALWAYS_SEARCH_USER_PATHS = NO;
				CLANG_CXX_LANGUAGE_STANDARD = "gnu++0x";
				CLANG_CXX_LIBRARY = "libc++";
				CLANG_ENABLE_MODULES = YES;
				CLANG_ENABLE_OBJC_ARC = YES;
				CLANG_WARN_BOOL_CONVERSION = YES;
				CLANG_WARN_CONSTANT_CONVERSION = YES;
				CLANG_WARN_DIRECT_OBJC_ISA_USAGE = YES_ERROR;
				CLANG_WARN_EMPTY_BODY = YES;
				CLANG_WARN_ENUM_CONVERSION = YES;
				CLANG_WARN_INT_CONVERSION = YES;
				CLANG_WARN_OBJC_ROOT_CLASS = YES_ERROR;
				CLANG_WARN__DUPLICATE_METHOD_MATCH = YES;
				"CODE_SIGN_IDENTITY[sdk=iphoneos*]" = "iPhone Developer";
				COPY_PHASE_STRIP = NO;
				GCC_C_LANGUAGE_STANDARD = gnu99;
				GCC_DYNAMIC_NO_PIC = NO;
				GCC_OPTIMIZATION_LEVEL = 0;
				GCC_PREPROCESSOR_DEFINITIONS = (
					"DEBUG=1",
					"$(inherited)",
				);
				GCC_SYMBOLS_PRIVATE_EXTERN = NO;
				GCC_WARN_64_TO_32_BIT_CONVERSION = YES;
				GCC_WARN_ABOUT_RETURN_TYPE = YES_ERROR;
				GCC_WARN_UNDECLARED_SELECTOR = YES;
				GCC_WARN_UNINITIALIZED_AUTOS = YES_AGGRESSIVE;
				GCC_WARN_UNUSED_FUNCTION = YES;
				GCC_WARN_UNUSED_VARIABLE = YES;
				IPHONEOS_DEPLOYMENT_TARGET = 7.1;
				ONLY_ACTIVE_ARCH = YES;
				SDKROOT = iphoneos;
			};
			name = Debug;
		};
		7184794E18E201F9008A1D12 /* Release */ = {
			isa = XCBuildConfiguration;
			buildSettings = {
				ALWAYS_SEARCH_USER_PATHS = NO;
				CLANG_CXX_LANGUAGE_STANDARD = "gnu++0x";
				CLANG_CXX_LIBRARY = "libc++";
				CLANG_ENABLE_MODULES = YES;
				CLANG_ENABLE_OBJC_ARC = YES;
				CLANG_WARN_BOOL_CONVERSION = YES;
				CLANG_WARN_CONSTANT_CONVERSION = YES;
				CLANG_WARN_DIRECT_OBJC_ISA_USAGE = YES_ERROR;
				CLANG_WARN_EMPTY_BODY = YES;
				CLANG_WARN_ENUM_CONVERSION = YES;
				CLANG_WARN_INT_CONVERSION = YES;
				CLANG_WARN_OBJC_ROOT_CLASS = YES_ERROR;
				CLANG_WARN__DUPLICATE_METHOD_MATCH = YES;
				"CODE_SIGN_IDENTITY[sdk=iphoneos*]" = "iPhone Developer";
				COPY_PHASE_STRIP = YES;
				ENABLE_NS_ASSERTIONS = NO;
				GCC_C_LANGUAGE_STANDARD = gnu99;
				GCC_WARN_64_TO_32_BIT_CONVERSION = YES;
				GCC_WARN_ABOUT_RETURN_TYPE = YES_ERROR;
				GCC_WARN_UNDECLARED_SELECTOR = YES;
				GCC_WARN_UNINITIALIZED_AUTOS = YES_AGGRESSIVE;
				GCC_WARN_UNUSED_FUNCTION = YES;
				GCC_WARN_UNUSED_VARIABLE = YES;
				IPHONEOS_DEPLOYMENT_TARGET = 7.1;
				SDKROOT = iphoneos;
				VALIDATE_PRODUCT = YES;
			};
			name = Release;
		};
		7184795018E201F9008A1D12 /* Debug */ = {
			isa = XCBuildConfiguration;
			buildSettings = {
				ASSETCATALOG_COMPILER_APPICON_NAME = AppIcon;
				ASSETCATALOG_COMPILER_LAUNCHIMAGE_NAME = LaunchImage;
				GCC_PRECOMPILE_PREFIX_HEADER = YES;
				GCC_PREFIX_HEADER = "HistorMe/HistorMe-Prefix.pch";
				INFOPLIST_FILE = "HistorMe/HistorMe-Info.plist";
				PRODUCT_NAME = "$(TARGET_NAME)";
				WRAPPER_EXTENSION = app;
			};
			name = Debug;
		};
		7184795118E201F9008A1D12 /* Release */ = {
			isa = XCBuildConfiguration;
			buildSettings = {
				ASSETCATALOG_COMPILER_APPICON_NAME = AppIcon;
				ASSETCATALOG_COMPILER_LAUNCHIMAGE_NAME = LaunchImage;
				GCC_PRECOMPILE_PREFIX_HEADER = YES;
				GCC_PREFIX_HEADER = "HistorMe/HistorMe-Prefix.pch";
				INFOPLIST_FILE = "HistorMe/HistorMe-Info.plist";
				PRODUCT_NAME = "$(TARGET_NAME)";
				WRAPPER_EXTENSION = app;
			};
			name = Release;
		};
		7184795318E201F9008A1D12 /* Debug */ = {
			isa = XCBuildConfiguration;
			buildSettings = {
				BUNDLE_LOADER = "$(BUILT_PRODUCTS_DIR)/HistorMe.app/HistorMe";
				FRAMEWORK_SEARCH_PATHS = (
					"$(SDKROOT)/Developer/Library/Frameworks",
					"$(inherited)",
					"$(DEVELOPER_FRAMEWORKS_DIR)",
				);
				GCC_PRECOMPILE_PREFIX_HEADER = YES;
				GCC_PREFIX_HEADER = "HistorMe/HistorMe-Prefix.pch";
				GCC_PREPROCESSOR_DEFINITIONS = (
					"DEBUG=1",
					"$(inherited)",
				);
				INFOPLIST_FILE = "HistorMeTests/HistorMeTests-Info.plist";
				PRODUCT_NAME = "$(TARGET_NAME)";
				TEST_HOST = "$(BUNDLE_LOADER)";
				WRAPPER_EXTENSION = xctest;
			};
			name = Debug;
		};
		7184795418E201F9008A1D12 /* Release */ = {
			isa = XCBuildConfiguration;
			buildSettings = {
				BUNDLE_LOADER = "$(BUILT_PRODUCTS_DIR)/HistorMe.app/HistorMe";
				FRAMEWORK_SEARCH_PATHS = (
					"$(SDKROOT)/Developer/Library/Frameworks",
					"$(inherited)",
					"$(DEVELOPER_FRAMEWORKS_DIR)",
				);
				GCC_PRECOMPILE_PREFIX_HEADER = YES;
				GCC_PREFIX_HEADER = "HistorMe/HistorMe-Prefix.pch";
				INFOPLIST_FILE = "HistorMeTests/HistorMeTests-Info.plist";
				PRODUCT_NAME = "$(TARGET_NAME)";
				TEST_HOST = "$(BUNDLE_LOADER)";
				WRAPPER_EXTENSION = xctest;
			};
			name = Release;
		};
/* End XCBuildConfiguration section */

/* Begin XCConfigurationList section */
		7184791818E201F8008A1D12 /* Build configuration list for PBXProject "HistorMe" */ = {
			isa = XCConfigurationList;
			buildConfigurations = (
				7184794D18E201F9008A1D12 /* Debug */,
				7184794E18E201F9008A1D12 /* Release */,
			);
			defaultConfigurationIsVisible = 0;
			defaultConfigurationName = Release;
		};
		7184794F18E201F9008A1D12 /* Build configuration list for PBXNativeTarget "HistorMe" */ = {
			isa = XCConfigurationList;
			buildConfigurations = (
				7184795018E201F9008A1D12 /* Debug */,
				7184795118E201F9008A1D12 /* Release */,
			);
			defaultConfigurationIsVisible = 0;
			defaultConfigurationName = Release;
		};
		7184795218E201F9008A1D12 /* Build configuration list for PBXNativeTarget "HistorMeTests" */ = {
			isa = XCConfigurationList;
			buildConfigurations = (
				7184795318E201F9008A1D12 /* Debug */,
				7184795418E201F9008A1D12 /* Release */,
			);
			defaultConfigurationIsVisible = 0;
			defaultConfigurationName = Release;
		};
/* End XCConfigurationList section */
	};
	rootObject = 7184791518E201F8008A1D12 /* Project object */;
}
